
Microsoft Visual Studio Solution File, Format Version 12.00
# Visual Studio Version 16
VisualStudioVersion = 16.0.30330.147
MinimumVisualStudioVersion = 10.0.40219.1
Project("{9A19103F-16F7-4668-BE54-9A1E7A4F7556}") = "Question7", "Question7.csproj", "{FABB7AE5-0AAB-4DDC-B670-515C50E0BB91}"
EndProject
Global
	GlobalSection(SolutionConfigurationPlatforms) = preSolution
		Debug|Any CPU = Debug|Any CPU
		Release|Any CPU = Release|Any CPU
	EndGlobalSection
	GlobalSection(ProjectConfigurationPlatforms) = postSolution
		{FABB7AE5-0AAB-4DDC-B670-515C50E0BB91}.Debug|Any CPU.ActiveCfg = Debug|Any CPU
		{FABB7AE5-0AAB-4DDC-B670-515C50E0BB91}.Debug|Any CPU.Build.0 = Debug|Any CPU
		{FABB7AE5-0AAB-4DDC-B670-515C50E0BB91}.Release|Any CPU.ActiveCfg = Release|Any CPU
		{FABB7AE5-0AAB-4DDC-B670-515C50E0BB91}.Release|Any CPU.Build.0 = Release|Any CPU
	EndGlobalSection
	GlobalSection(SolutionProperties) = preSolution
		HideSolutionNode = FALSE
	EndGlobalSection
	GlobalSection(ExtensibilityGlobals) = postSolution
		SolutionGuid = {4C2344F8-8C5A-43B6-A25A-98D24416191C}
	EndGlobalSection
EndGlobal
